
Microsoft Visual Studio Solution File, Format Version 12.00
# Visual Studio Version 17
VisualStudioVersion = 17.8.34525.116
MinimumVisualStudioVersion = 10.0.40219.1
Project("{FAE04EC0-301F-11D3-BF4B-00C04F79EFBC}") = "Sweet Boy", "Sweet Boy.csproj", "{78F6C4B3-A0B1-441A-841D-6E99B2811FCB}"
EndProject
Global
	GlobalSection(SolutionConfigurationPlatforms) = preSolution
		Debug|Any CPU = Debug|Any CPU
		Release|Any CPU = Release|Any CPU
	EndGlobalSection
	GlobalSection(ProjectConfigurationPlatforms) = postSolution
		{78F6C4B3-A0B1-441A-841D-6E99B2811FCB}.Debug|Any CPU.ActiveCfg = Debug|Any CPU
		{78F6C4B3-A0B1-441A-841D-6E99B2811FCB}.Debug|Any CPU.Build.0 = Debug|Any CPU
		{78F6C4B3-A0B1-441A-841D-6E99B2811FCB}.Release|Any CPU.ActiveCfg = Release|Any CPU
		{78F6C4B3-A0B1-441A-841D-6E99B2811FCB}.Release|Any CPU.Build.0 = Release|Any CPU
	EndGlobalSection
	GlobalSection(SolutionProperties) = preSolution
		HideSolutionNode = FALSE
	EndGlobalSection
	GlobalSection(ExtensibilityGlobals) = postSolution
		SolutionGuid = {368C2B4C-AFAE-4212-8FA8-99905944D936}
	EndGlobalSection
EndGlobal
